// !$*UTF8*$!
{
	archiveVersion = 1;
	classes = {
	};
	objectVersion = 77;
	objects = {

/* Begin PBXBuildFile section */
		013383C23AAFD428C65A00A4 /* Lightstack.xcdatamodeld in Sources */ = {isa = PBXBuildFile; fileRef = D3FD60834E9DEE694B6C5A1E /* Lightstack.xcdatamodeld */; };
		031B0782D6BF4C1CADF77369 /* AIServiceManager.swift in Sources */ = {isa = PBXBuildFile; fileRef = 58132967449B403EAA331A20 /* AIServiceManager.swift */; };
		0394F953EECCF5B52F98E4FB /* SetRowView.swift in Sources */ = {isa = PBXBuildFile; fileRef = 0FBEF4BBBE0A525AA2C190BD /* SetRowView.swift */; };
		03E23C4610AE5B9575692AF6 /* WorkoutRepository.swift in Sources */ = {isa = PBXBuildFile; fileRef = 40FE44FC1CFE4A089DC9FEC7 /* WorkoutRepository.swift */; };
		096F2829000A33814E72522A /* RootView.swift in Sources */ = {isa = PBXBuildFile; fileRef = 492CBCCB2744643A11E2CD2A /* RootView.swift */; };
		15BFA33868E0625E2B28A468 /* PRRepository.swift in Sources */ = {isa = PBXBuildFile; fileRef = 080CD96138F0AC191E99AEF1 /* PRRepository.swift */; };
		16424B48B13C644A5BD4D8E2 /* TodayViewModel.swift in Sources */ = {isa = PBXBuildFile; fileRef = F6B18B3615F7F4252B87E34D /* TodayViewModel.swift */; };
		176C0A96EC1D6BF0056C0F46 /* ValidationService.swift in Sources */ = {isa = PBXBuildFile; fileRef = 246C661744A8F0F458CF4900 /* ValidationService.swift */; };
		25FE76A76759E66867444A00 /* GeminiService.swift in Sources */ = {isa = PBXBuildFile; fileRef = C34121902218FA929D4CA2EB /* GeminiService.swift */; };
		2B574A17544EEADEB6C00DAA /* ProfileRepository.swift in Sources */ = {isa = PBXBuildFile; fileRef = 780431D2E39A0FC8C268510A /* ProfileRepository.swift */; };
		2D6BD18B526DC2AEC26604E4 /* HistoryListView.swift in Sources */ = {isa = PBXBuildFile; fileRef = BB04CE824A0DE50FBF43E22B /* HistoryListView.swift */; };
		2DC44638CC400946E4768A88 /* Supabase in Frameworks */ = {isa = PBXBuildFile; productRef = D016A83D4E910B369882863F /* Supabase */; };
		2FE58081EA15148D436590FF /* WorkoutSetupView.swift in Sources */ = {isa = PBXBuildFile; fileRef = 85160B7594748445D0A64E2E /* WorkoutSetupView.swift */; };
		335ECCE0703FBCD9FAD7BF83 /* LocalStorageService.swift in Sources */ = {isa = PBXBuildFile; fileRef = 024F1EDD97F21B6014FF7EF6 /* LocalStorageService.swift */; };
		3ACE171EC8EFFF4CEFE98C03 /* PlanBuilderViewModel.swift in Sources */ = {isa = PBXBuildFile; fileRef = A030BEB883DA759A9F8AE48A /* PlanBuilderViewModel.swift */; };
		3E13A06CCA0F4B2D89DF9AE6 /* MainTabView.swift in Sources */ = {isa = PBXBuildFile; fileRef = 1BA0C5263E022B5A38C068E2 /* MainTabView.swift */; };
		434F8F17280F02F3382F11A4 /* ActiveWorkoutViewModel.swift in Sources */ = {isa = PBXBuildFile; fileRef = 4077AF94F18B8DC9E42FDC29 /* ActiveWorkoutViewModel.swift */; };
		461D52F78ED44005A8093722 /* ClaudeService.swift in Sources */ = {isa = PBXBuildFile; fileRef = 1613CF18334D45F0BDF46005 /* ClaudeService.swift */; };
		47F1C8E6C7C01C3C0B5ADAD9 /* LoginView.swift in Sources */ = {isa = PBXBuildFile; fileRef = FD7FAD3D73C29C60902B298C /* LoginView.swift */; };
		4DA65CD92F7C14DD002F802B /* ManualWorkoutEntryView.swift in Sources */ = {isa = PBXBuildFile; fileRef = 4DA65CD82F7C14DD002F802B /* ManualWorkoutEntryView.swift */; };
		4EB8D7A7D05D304E9F7D8099 /* StreakView.swift in Sources */ = {isa = PBXBuildFile; fileRef = E751DCD349D7A48BBFA68528 /* StreakView.swift */; };
		5F0C97283EECF4F7A6AE53D7 /* MonthPlan.swift in Sources */ = {isa = PBXBuildFile; fileRef = 925FF119C6D875B37829A0C7 /* MonthPlan.swift */; };
		5F7CD083D9356E41ACD6F1CD /* Secrets.xcconfig.template in Resources */ = {isa = PBXBuildFile; fileRef = 37E1E2035580F893D5825F72 /* Secrets.xcconfig.template */; };
		60434A63413B6AB8D239B81E /* MonthPlanService.swift in Sources */ = {isa = PBXBuildFile; fileRef = 79D89808F921897D815520C0 /* MonthPlanService.swift */; };
		625B0022E2CA23DBC6DC4784 /* CoachContextBuilder.swift in Sources */ = {isa = PBXBuildFile; fileRef = 312067699C57FBDCE983B2C0 /* CoachContextBuilder.swift */; };
		685C096EC91804458517CCDA /* PlannedSessionView.swift in Sources */ = {isa = PBXBuildFile; fileRef = 6CE53540DF92D52F72753FD5 /* PlannedSessionView.swift */; };
		6AA71CF9D686978C6B572FD8 /* MonthPlanRepository.swift in Sources */ = {isa = PBXBuildFile; fileRef = 03AEB7F749FC62646A5676BE /* MonthPlanRepository.swift */; };
		71341092DB3C3458F5D40655 /* InputSanitizer.swift in Sources */ = {isa = PBXBuildFile; fileRef = 7BBDAB25F700350CB7047E5F /* InputSanitizer.swift */; };
		743305F5E054784067AAC2E7 /* EmailVerificationView.swift in Sources */ = {isa = PBXBuildFile; fileRef = CCDA0490FBD126C9E99E4BE5 /* EmailVerificationView.swift */; };
		7444F10EA824DF8283415E1B /* UserProfile.swift in Sources */ = {isa = PBXBuildFile; fileRef = C8E833E6DD834D7E4E8ECF4F /* UserProfile.swift */; };
		79B4219BB4644501A361220D /* WorkoutStatsService.swift in Sources */ = {isa = PBXBuildFile; fileRef = 762A006B5C94242B7887782A /* WorkoutStatsService.swift */; };
		7DD3567AF9DFA8ABC4DFD269 /* PersonalRecord.swift in Sources */ = {isa = PBXBuildFile; fileRef = 57A9EFAE7E6214033CA3F739 /* PersonalRecord.swift */; };
		836F40875F5B308DA51B1B4C /* TodayView.swift in Sources */ = {isa = PBXBuildFile; fileRef = F813BB33879D570D49B84A45 /* TodayView.swift */; };
		858DAEC887A7974446DC00D4 /* WorkoutSet.swift in Sources */ = {isa = PBXBuildFile; fileRef = BF6D60ACAF13C1FFA581C85A /* WorkoutSet.swift */; };
		867A607F2DECF5E347F70B87 /* AuthService.swift in Sources */ = {isa = PBXBuildFile; fileRef = 4519D58B41C428C87E6F8C59 /* AuthService.swift */; };
		87811207C311FE79DD3DAEF6 /* EquipmentPickerView.swift in Sources */ = {isa = PBXBuildFile; fileRef = 6964D0ED40AF252788A816C9 /* EquipmentPickerView.swift */; };
		8EC798942990E391044114D2 /* Assets.xcassets in Resources */ = {isa = PBXBuildFile; fileRef = 5289433B1ABC3A4B839BAFC0 /* Assets.xcassets */; };
		911201B0C18194CFE2472CDA /* MonthPlanViewModel.swift in Sources */ = {isa = PBXBuildFile; fileRef = D5C94DFBB4CB8B3576B08D79 /* MonthPlanViewModel.swift */; };
		9216AD7956821BD44822FB9B /* PostWorkoutView.swift in Sources */ = {isa = PBXBuildFile; fileRef = D7D54686ED96849FAACA363D /* PostWorkoutView.swift */; };
		982ED5F8ADB4A05CD9F909E1 /* Exercise.swift in Sources */ = {isa = PBXBuildFile; fileRef = 1C4DB41551CA3B8A11BAB05E /* Exercise.swift */; };
		A1B2C3D4E5F60718A9B0C1D2 /* AIContextSummary.swift in Sources */ = {isa = PBXBuildFile; fileRef = D4E5F6071829A3B4C5D6E7F8 /* AIContextSummary.swift */; };
		A24E47A0EF0129F6CE105664 /* PlannedSession.swift in Sources */ = {isa = PBXBuildFile; fileRef = B38831FD06945E0E5CABD7DE /* PlannedSession.swift */; };
		A43C475BA62F19708BD27C2E /* ProfileView.swift in Sources */ = {isa = PBXBuildFile; fileRef = D0F3610212DE9B047C649205 /* ProfileView.swift */; };
		ADFEF822E7E6AB5A5B263698 /* HistoryViewModel.swift in Sources */ = {isa = PBXBuildFile; fileRef = FC654469C47BC74D1CF942BA /* HistoryViewModel.swift */; };
		AE4C263835B9E1565F60CBA9 /* OfflineQueueManager.swift in Sources */ = {isa = PBXBuildFile; fileRef = 943DDDDBD93BD87F949E45E2 /* OfflineQueueManager.swift */; };
		B0644410F3E1729FA98C69B8 /* CoachChatView.swift in Sources */ = {isa = PBXBuildFile; fileRef = AE05AE523B9A6672FFBFD2AD /* CoachChatView.swift */; };
		BADE26A3DC9C4E0181A0B680 /* OpenAIService.swift in Sources */ = {isa = PBXBuildFile; fileRef = DBEFCFE8A88249A2A67A2185 /* OpenAIService.swift */; };
		CE8DD9A83C34E7B7FB9AC561 /* WorkoutDetailView.swift in Sources */ = {isa = PBXBuildFile; fileRef = 141492EF9B5CB291F9A21074 /* WorkoutDetailView.swift */; };
		CFA2F95BBEA6F033D6EFDBA9 /* SyncService.swift in Sources */ = {isa = PBXBuildFile; fileRef = 2340377433B04F09D517D24E /* SyncService.swift */; };
		D0E6183062D512993C4B41FC /* AppEnvironment.swift in Sources */ = {isa = PBXBuildFile; fileRef = D2A525AFA143BAA2CA880FE1 /* AppEnvironment.swift */; };
		D4D893A8C0574762F0B80EB9 /* CoachChatViewModel.swift in Sources */ = {isa = PBXBuildFile; fileRef = F76632164F927C0412CC3F6A /* CoachChatViewModel.swift */; };
		DA15DABC531F5FB563DB3210 /* MonthDayTileView.swift in Sources */ = {isa = PBXBuildFile; fileRef = 74D3254B9154C7DE0B3A3BF7 /* MonthDayTileView.swift */; };
		DF9B2FBCC0B0624CFE3BC1DF /* MonthPlanView.swift in Sources */ = {isa = PBXBuildFile; fileRef = D6CB6CB55C70D30BE1962647 /* MonthPlanView.swift */; };
		E18B1D92BBF6E17FE581AE7F /* WorkoutSetupViewModel.swift in Sources */ = {isa = PBXBuildFile; fileRef = 3E90E58ED105E0476A795E2E /* WorkoutSetupViewModel.swift */; };
		E18D773B912C619728FFE4C7 /* ProfileViewModel.swift in Sources */ = {isa = PBXBuildFile; fileRef = E258457263378E2CB56BEC14 /* ProfileViewModel.swift */; };
		E421AC4E262ABEB2C3871D98 /* AppTheme.swift in Sources */ = {isa = PBXBuildFile; fileRef = 267186236ACFFCD04827C356 /* AppTheme.swift */; };
		E556AEF88F21825FF1D51EFF /* SupabaseService.swift in Sources */ = {isa = PBXBuildFile; fileRef = 1C48010D6E8588D794E4A142 /* SupabaseService.swift */; };
		E65828876C6E0CCF717A9E36 /* DateFormatter+Extensions.swift in Sources */ = {isa = PBXBuildFile; fileRef = D5ABE1748E32FBB842C3F56C /* DateFormatter+Extensions.swift */; };
		E6CF7B1646F5CAB4FC40F6C1 /* Workout.swift in Sources */ = {isa = PBXBuildFile; fileRef = C36C0EAACD6D6D70D4F7503E /* Workout.swift */; };
		E775B7901D34DE62274E280D /* PlanBuilderChatView.swift in Sources */ = {isa = PBXBuildFile; fileRef = 79F4F2252D3041687661CAA6 /* PlanBuilderChatView.swift */; };
		E8595107FFB5AF3CEF8825F8 /* LightstackApp.swift in Sources */ = {isa = PBXBuildFile; fileRef = A21439901BE53CEAA4F2C880 /* LightstackApp.swift */; };
		EC489EB4795015F25EAC559E /* CoachPromptService.swift in Sources */ = {isa = PBXBuildFile; fileRef = 00619CD31B6A6FBF88081C18 /* CoachPromptService.swift */; };
		EDF9C0EF3DF4668882D87609 /* OnboardingView.swift in Sources */ = {isa = PBXBuildFile; fileRef = 89EC2DEFE0B6FAA1C5A64EB6 /* OnboardingView.swift */; };
		EE5B3C02A4B490A77D1D4F00 /* ChatMessage.swift in Sources */ = {isa = PBXBuildFile; fileRef = 6FBED2E91515C102138847B4 /* ChatMessage.swift */; };
		F173F475F221BF99BFD99E54 /* ActiveWorkoutView.swift in Sources */ = {isa = PBXBuildFile; fileRef = E5134DFFF0BDCF4F40D0C611 /* ActiveWorkoutView.swift */; };
		FA23F49951ECEB19B6DDF8E9 /* MessageBubbleView.swift in Sources */ = {isa = PBXBuildFile; fileRef = 914E21170D7FC5E94253F648 /* MessageBubbleView.swift */; };
		FA6E005E2FCF14CC2A515BD3 /* ExerciseTableView.swift in Sources */ = {isa = PBXBuildFile; fileRef = AECE0419B49FC2838485E794 /* ExerciseTableView.swift */; };
		FAE55275564F446DAAD4E6CA /* AIProvider.swift in Sources */ = {isa = PBXBuildFile; fileRef = CE917FF70785446E827EC8AB /* AIProvider.swift */; };
		FEEB05DB01F16867AE20A1D7 /* WorkoutSessionService.swift in Sources */ = {isa = PBXBuildFile; fileRef = 31760632B5C96652ADBAC3D6 /* WorkoutSessionService.swift */; };
		b2aebeeb02a6431dbf57f6ca /* FlowLayout.swift in Sources */ = {isa = PBXBuildFile; fileRef = d4f1049e7fe14415938e63cf /* FlowLayout.swift */; };
		c10da7ffb6164e359d117a76 /* MuscleGroupChartView.swift in Sources */ = {isa = PBXBuildFile; fileRef = 7229867bd5514613903794d3 /* MuscleGroupChartView.swift */; };
		c59faa99015446129af0654c /* EditProfileView.swift in Sources */ = {isa = PBXBuildFile; fileRef = d8b743b28d3549cda23bbb79 /* EditProfileView.swift */; };
		db64ac83ca0546ab94e6abec /* KeychainService.swift in Sources */ = {isa = PBXBuildFile; fileRef = 64231a22773d45c3850456c1 /* KeychainService.swift */; };
		9F8E7D6C5B4A321098765432 /* ManualWorkoutEntryView.swift in Sources */ = {isa = PBXBuildFile; fileRef = A1B2C3D4E5F6789012345678 /* ManualWorkoutEntryView.swift */; };
		2779E5C0E0798AE34DD76031 /* WorkoutSessionPersistence.swift in Sources */ = {isa = PBXBuildFile; fileRef = 07E627CC381AA00683C80999 /* WorkoutSessionPersistence.swift */; };
		6F1603A80F30A5B8FCF1852F /* WorkoutModification.swift in Sources */ = {isa = PBXBuildFile; fileRef = C2AF0E9D82E8A394B35BB381 /* WorkoutModification.swift */; };

/* End PBXBuildFile section */

/* Begin PBXFileReference section */
		00619CD31B6A6FBF88081C18 /* CoachPromptService.swift */ = {isa = PBXFileReference; lastKnownFileType = sourcecode.swift; path = CoachPromptService.swift; sourceTree = "<group>"; };
		024F1EDD97F21B6014FF7EF6 /* LocalStorageService.swift */ = {isa = PBXFileReference; lastKnownFileType = sourcecode.swift; path = LocalStorageService.swift; sourceTree = "<group>"; };
		03AEB7F749FC62646A5676BE /* MonthPlanRepository.swift */ = {isa = PBXFileReference; lastKnownFileType = sourcecode.swift; path = MonthPlanRepository.swift; sourceTree = "<group>"; };
		080CD96138F0AC191E99AEF1 /* PRRepository.swift */ = {isa = PBXFileReference; lastKnownFileType = sourcecode.swift; path = PRRepository.swift; sourceTree = "<group>"; };
		0FBEF4BBBE0A525AA2C190BD /* SetRowView.swift */ = {isa = PBXFileReference; lastKnownFileType = sourcecode.swift; path = SetRowView.swift; sourceTree = "<group>"; };
		141492EF9B5CB291F9A21074 /* WorkoutDetailView.swift */ = {isa = PBXFileReference; lastKnownFileType = sourcecode.swift; path = WorkoutDetailView.swift; sourceTree = "<group>"; };
		1613CF18334D45F0BDF46005 /* ClaudeService.swift */ = {isa = PBXFileReference; lastKnownFileType = sourcecode.swift; path = ClaudeService.swift; sourceTree = "<group>"; };
		1BA0C5263E022B5A38C068E2 /* MainTabView.swift */ = {isa = PBXFileReference; lastKnownFileType = sourcecode.swift; path = MainTabView.swift; sourceTree = "<group>"; };
		1C48010D6E8588D794E4A142 /* SupabaseService.swift */ = {isa = PBXFileReference; lastKnownFileType = sourcecode.swift; path = SupabaseService.swift; sourceTree = "<group>"; };
		1C4DB41551CA3B8A11BAB05E /* Exercise.swift */ = {isa = PBXFileReference; lastKnownFileType = sourcecode.swift; path = Exercise.swift; sourceTree = "<group>"; };
		2340377433B04F09D517D24E /* SyncService.swift */ = {isa = PBXFileReference; lastKnownFileType = sourcecode.swift; path = SyncService.swift; sourceTree = "<group>"; };
		23BC3EC52D64C159FB993891 /* Lightstack.xcdatamodel */ = {isa = PBXFileReference; lastKnownFileType = wrapper.xcdatamodel; path = Lightstack.xcdatamodel; sourceTree = "<group>"; };
		246C661744A8F0F458CF4900 /* ValidationService.swift */ = {isa = PBXFileReference; lastKnownFileType = sourcecode.swift; path = ValidationService.swift; sourceTree = "<group>"; };
		267186236ACFFCD04827C356 /* AppTheme.swift */ = {isa = PBXFileReference; lastKnownFileType = sourcecode.swift; path = AppTheme.swift; sourceTree = "<group>"; };
		312067699C57FBDCE983B2C0 /* CoachContextBuilder.swift */ = {isa = PBXFileReference; lastKnownFileType = sourcecode.swift; path = CoachContextBuilder.swift; sourceTree = "<group>"; };
		31760632B5C96652ADBAC3D6 /* WorkoutSessionService.swift */ = {isa = PBXFileReference; lastKnownFileType = sourcecode.swift; path = WorkoutSessionService.swift; sourceTree = "<group>"; };
		35665C73925EAC4BFC6635A6 /* Info.plist */ = {isa = PBXFileReference; lastKnownFileType = text.plist; path = Info.plist; sourceTree = "<group>"; };
		37E1E2035580F893D5825F72 /* Secrets.xcconfig.template */ = {isa = PBXFileReference; lastKnownFileType = text; path = Secrets.xcconfig.template; sourceTree = "<group>"; };
		3E90E58ED105E0476A795E2E /* WorkoutSetupViewModel.swift */ = {isa = PBXFileReference; lastKnownFileType = sourcecode.swift; path = WorkoutSetupViewModel.swift; sourceTree = "<group>"; };
		4077AF94F18B8DC9E42FDC29 /* ActiveWorkoutViewModel.swift */ = {isa = PBXFileReference; lastKnownFileType = sourcecode.swift; path = ActiveWorkoutViewModel.swift; sourceTree = "<group>"; };
		40FE44FC1CFE4A089DC9FEC7 /* WorkoutRepository.swift */ = {isa = PBXFileReference; lastKnownFileType = sourcecode.swift; path = WorkoutRepository.swift; sourceTree = "<group>"; };
		4519D58B41C428C87E6F8C59 /* AuthService.swift */ = {isa = PBXFileReference; lastKnownFileType = sourcecode.swift; path = AuthService.swift; sourceTree = "<group>"; };
		492CBCCB2744643A11E2CD2A /* RootView.swift */ = {isa = PBXFileReference; lastKnownFileType = sourcecode.swift; path = RootView.swift; sourceTree = "<group>"; };
		4DA65CD82F7C14DD002F802B /* ManualWorkoutEntryView.swift */ = {isa = PBXFileReference; lastKnownFileType = sourcecode.swift; path = ManualWorkoutEntryView.swift; sourceTree = "<group>"; };
		5289433B1ABC3A4B839BAFC0 /* Assets.xcassets */ = {isa = PBXFileReference; lastKnownFileType = folder.assetcatalog; path = Assets.xcassets; sourceTree = "<group>"; };
		57A9EFAE7E6214033CA3F739 /* PersonalRecord.swift */ = {isa = PBXFileReference; lastKnownFileType = sourcecode.swift; path = PersonalRecord.swift; sourceTree = "<group>"; };
		58132967449B403EAA331A20 /* AIServiceManager.swift */ = {isa = PBXFileReference; lastKnownFileType = sourcecode.swift; path = AIServiceManager.swift; sourceTree = "<group>"; };
		5842197D7DCD50CAF7E1F93C /* Lightstack.app */ = {isa = PBXFileReference; explicitFileType = wrapper.application; includeInIndex = 0; path = Lightstack.app; sourceTree = BUILT_PRODUCTS_DIR; };
		64231a22773d45c3850456c1 /* KeychainService.swift */ = {isa = PBXFileReference; lastKnownFileType = sourcecode.swift; path = KeychainService.swift; sourceTree = "<group>"; };
		6964D0ED40AF252788A816C9 /* EquipmentPickerView.swift */ = {isa = PBXFileReference; lastKnownFileType = sourcecode.swift; path = EquipmentPickerView.swift; sourceTree = "<group>"; };
		6CE53540DF92D52F72753FD5 /* PlannedSessionView.swift */ = {isa = PBXFileReference; lastKnownFileType = sourcecode.swift; path = PlannedSessionView.swift; sourceTree = "<group>"; };
		6FBED2E91515C102138847B4 /* ChatMessage.swift */ = {isa = PBXFileReference; lastKnownFileType = sourcecode.swift; path = ChatMessage.swift; sourceTree = "<group>"; };
		7229867bd5514613903794d3 /* MuscleGroupChartView.swift */ = {isa = PBXFileReference; lastKnownFileType = sourcecode.swift; path = MuscleGroupChartView.swift; sourceTree = "<group>"; };
		74D3254B9154C7DE0B3A3BF7 /* MonthDayTileView.swift */ = {isa = PBXFileReference; lastKnownFileType = sourcecode.swift; path = MonthDayTileView.swift; sourceTree = "<group>"; };
		762A006B5C94242B7887782A /* WorkoutStatsService.swift */ = {isa = PBXFileReference; lastKnownFileType = sourcecode.swift; path = WorkoutStatsService.swift; sourceTree = "<group>"; };
		780431D2E39A0FC8C268510A /* ProfileRepository.swift */ = {isa = PBXFileReference; lastKnownFileType = sourcecode.swift; path = ProfileRepository.swift; sourceTree = "<group>"; };
		79D89808F921897D815520C0 /* MonthPlanService.swift */ = {isa = PBXFileReference; lastKnownFileType = sourcecode.swift; path = MonthPlanService.swift; sourceTree = "<group>"; };
		79F4F2252D3041687661CAA6 /* PlanBuilderChatView.swift */ = {isa = PBXFileReference; lastKnownFileType = sourcecode.swift; path = PlanBuilderChatView.swift; sourceTree = "<group>"; };
		7BBDAB25F700350CB7047E5F /* InputSanitizer.swift */ = {isa = PBXFileReference; lastKnownFileType = sourcecode.swift; path = InputSanitizer.swift; sourceTree = "<group>"; };
		85160B7594748445D0A64E2E /* WorkoutSetupView.swift */ = {isa = PBXFileReference; lastKnownFileType = sourcecode.swift; path = WorkoutSetupView.swift; sourceTree = "<group>"; };
		89EC2DEFE0B6FAA1C5A64EB6 /* OnboardingView.swift */ = {isa = PBXFileReference; lastKnownFileType = sourcecode.swift; path = OnboardingView.swift; sourceTree = "<group>"; };
		914E21170D7FC5E94253F648 /* MessageBubbleView.swift */ = {isa = PBXFileReference; lastKnownFileType = sourcecode.swift; path = MessageBubbleView.swift; sourceTree = "<group>"; };
		925FF119C6D875B37829A0C7 /* MonthPlan.swift */ = {isa = PBXFileReference; lastKnownFileType = sourcecode.swift; path = MonthPlan.swift; sourceTree = "<group>"; };
		943DDDDBD93BD87F949E45E2 /* OfflineQueueManager.swift */ = {isa = PBXFileReference; lastKnownFileType = sourcecode.swift; path = OfflineQueueManager.swift; sourceTree = "<group>"; };
		A030BEB883DA759A9F8AE48A /* PlanBuilderViewModel.swift */ = {isa = PBXFileReference; lastKnownFileType = sourcecode.swift; path = PlanBuilderViewModel.swift; sourceTree = "<group>"; };
		A21439901BE53CEAA4F2C880 /* LightstackApp.swift */ = {isa = PBXFileReference; lastKnownFileType = sourcecode.swift; path = LightstackApp.swift; sourceTree = "<group>"; };
		AE05AE523B9A6672FFBFD2AD /* CoachChatView.swift */ = {isa = PBXFileReference; lastKnownFileType = sourcecode.swift; path = CoachChatView.swift; sourceTree = "<group>"; };
		AECE0419B49FC2838485E794 /* ExerciseTableView.swift */ = {isa = PBXFileReference; lastKnownFileType = sourcecode.swift; path = ExerciseTableView.swift; sourceTree = "<group>"; };
		AEDA9280394443CABC98322C /* Lightstack.entitlements */ = {isa = PBXFileReference; lastKnownFileType = text.plist.entitlements; path = Lightstack.entitlements; sourceTree = "<group>"; };
		B38831FD06945E0E5CABD7DE /* PlannedSession.swift */ = {isa = PBXFileReference; lastKnownFileType = sourcecode.swift; path = PlannedSession.swift; sourceTree = "<group>"; };
		BB04CE824A0DE50FBF43E22B /* HistoryListView.swift */ = {isa = PBXFileReference; lastKnownFileType = sourcecode.swift; path = HistoryListView.swift; sourceTree = "<group>"; };
		BF6D60ACAF13C1FFA581C85A /* WorkoutSet.swift */ = {isa = PBXFileReference; lastKnownFileType = sourcecode.swift; path = WorkoutSet.swift; sourceTree = "<group>"; };
		C34121902218FA929D4CA2EB /* GeminiService.swift */ = {isa = PBXFileReference; lastKnownFileType = sourcecode.swift; path = GeminiService.swift; sourceTree = "<group>"; };
		C36C0EAACD6D6D70D4F7503E /* Workout.swift */ = {isa = PBXFileReference; lastKnownFileType = sourcecode.swift; path = Workout.swift; sourceTree = "<group>"; };
		C8E833E6DD834D7E4E8ECF4F /* UserProfile.swift */ = {isa = PBXFileReference; lastKnownFileType = sourcecode.swift; path = UserProfile.swift; sourceTree = "<group>"; };
		CCDA0490FBD126C9E99E4BE5 /* EmailVerificationView.swift */ = {isa = PBXFileReference; lastKnownFileType = sourcecode.swift; path = EmailVerificationView.swift; sourceTree = "<group>"; };
		CE917FF70785446E827EC8AB /* AIProvider.swift */ = {isa = PBXFileReference; lastKnownFileType = sourcecode.swift; path = AIProvider.swift; sourceTree = "<group>"; };
		D0F3610212DE9B047C649205 /* ProfileView.swift */ = {isa = PBXFileReference; lastKnownFileType = sourcecode.swift; path = ProfileView.swift; sourceTree = "<group>"; };
		D1246336455EAB944BBCD0D7 /* Secrets.xcconfig */ = {isa = PBXFileReference; lastKnownFileType = text.xcconfig; path = Secrets.xcconfig; sourceTree = "<group>"; };
		D2A525AFA143BAA2CA880FE1 /* AppEnvironment.swift */ = {isa = PBXFileReference; lastKnownFileType = sourcecode.swift; path = AppEnvironment.swift; sourceTree = "<group>"; };
		D4E5F6071829A3B4C5D6E7F8 /* AIContextSummary.swift */ = {isa = PBXFileReference; lastKnownFileType = sourcecode.swift; path = AIContextSummary.swift; sourceTree = "<group>"; };
		D5ABE1748E32FBB842C3F56C /* DateFormatter+Extensions.swift */ = {isa = PBXFileReference; lastKnownFileType = sourcecode.swift; path = "DateFormatter+Extensions.swift"; sourceTree = "<group>"; };
		D5C94DFBB4CB8B3576B08D79 /* MonthPlanViewModel.swift */ = {isa = PBXFileReference; lastKnownFileType = sourcecode.swift; path = MonthPlanViewModel.swift; sourceTree = "<group>"; };
		D6CB6CB55C70D30BE1962647 /* MonthPlanView.swift */ = {isa = PBXFileReference; lastKnownFileType = sourcecode.swift; path = MonthPlanView.swift; sourceTree = "<group>"; };
		D7D54686ED96849FAACA363D /* PostWorkoutView.swift */ = {isa = PBXFileReference; lastKnownFileType = sourcecode.swift; path = PostWorkoutView.swift; sourceTree = "<group>"; };
		DBEFCFE8A88249A2A67A2185 /* OpenAIService.swift */ = {isa = PBXFileReference; lastKnownFileType = sourcecode.swift; path = OpenAIService.swift; sourceTree = "<group>"; };
		E258457263378E2CB56BEC14 /* ProfileViewModel.swift */ = {isa = PBXFileReference; lastKnownFileType = sourcecode.swift; path = ProfileViewModel.swift; sourceTree = "<group>"; };
		E5134DFFF0BDCF4F40D0C611 /* ActiveWorkoutView.swift */ = {isa = PBXFileReference; lastKnownFileType = sourcecode.swift; path = ActiveWorkoutView.swift; sourceTree = "<group>"; };
		E751DCD349D7A48BBFA68528 /* StreakView.swift */ = {isa = PBXFileReference; lastKnownFileType = sourcecode.swift; path = StreakView.swift; sourceTree = "<group>"; };
		F6B18B3615F7F4252B87E34D /* TodayViewModel.swift */ = {isa = PBXFileReference; lastKnownFileType = sourcecode.swift; path = TodayViewModel.swift; sourceTree = "<group>"; };
		F76632164F927C0412CC3F6A /* CoachChatViewModel.swift */ = {isa = PBXFileReference; lastKnownFileType = sourcecode.swift; path = CoachChatViewModel.swift; sourceTree = "<group>"; };
		F813BB33879D570D49B84A45 /* TodayView.swift */ = {isa = PBXFileReference; lastKnownFileType = sourcecode.swift; path = TodayView.swift; sourceTree = "<group>"; };
		FC654469C47BC74D1CF942BA /* HistoryViewModel.swift */ = {isa = PBXFileReference; lastKnownFileType = sourcecode.swift; path = HistoryViewModel.swift; sourceTree = "<group>"; };
		FD7FAD3D73C29C60902B298C /* LoginView.swift */ = {isa = PBXFileReference; lastKnownFileType = sourcecode.swift; path = LoginView.swift; sourceTree = "<group>"; };
		d4f1049e7fe14415938e63cf /* FlowLayout.swift */ = {isa = PBXFileReference; lastKnownFileType = sourcecode.swift; path = FlowLayout.swift; sourceTree = "<group>"; };
		d8b743b28d3549cda23bbb79 /* EditProfileView.swift */ = {isa = PBXFileReference; lastKnownFileType = sourcecode.swift; path = EditProfileView.swift; sourceTree = "<group>"; };
		A1B2C3D4E5F6789012345678 /* ManualWorkoutEntryView.swift */ = {isa = PBXFileReference; lastKnownFileType = sourcecode.swift; path = ManualWorkoutEntryView.swift; sourceTree = "<group>"; };
		07E627CC381AA00683C80999 /* WorkoutSessionPersistence.swift */ = {isa = PBXFileReference; lastKnownFileType = sourcecode.swift; path = WorkoutSessionPersistence.swift; sourceTree = "<group>"; };
		C2AF0E9D82E8A394B35BB381 /* WorkoutModification.swift */ = {isa = PBXFileReference; lastKnownFileType = sourcecode.swift; path = WorkoutModification.swift; sourceTree = "<group>"; };

/* End PBXFileReference section */

/* Begin PBXFrameworksBuildPhase section */
		D8CA4EF22446DDC26DDB1546 /* Frameworks */ = {
			isa = PBXFrameworksBuildPhase;
			buildActionMask = 2147483647;
			files = (
				2DC44638CC400946E4768A88 /* Supabase in Frameworks */,
			);
			runOnlyForDeploymentPostprocessing = 0;
		};
/* End PBXFrameworksBuildPhase section */

/* Begin PBXGroup section */
		06D012D4DCEAE818018F4641 /* ViewModels */ = {
			isa = PBXGroup;
			children = (
				F76632164F927C0412CC3F6A /* CoachChatViewModel.swift */,
			);
			path = ViewModels;
			sourceTree = "<group>";
		};
		088875A49FF087A3059CE376 /* ViewModels */ = {
			isa = PBXGroup;
			children = (
				D5C94DFBB4CB8B3576B08D79 /* MonthPlanViewModel.swift */,
				A030BEB883DA759A9F8AE48A /* PlanBuilderViewModel.swift */,
			);
			path = ViewModels;
			sourceTree = "<group>";
		};
		0EBE5124F01CB6D138FB7D7F /* Config */ = {
			isa = PBXGroup;
			children = (
				D1246336455EAB944BBCD0D7 /* Secrets.xcconfig */,
				37E1E2035580F893D5825F72 /* Secrets.xcconfig.template */,
			);
			path = Config;
			sourceTree = "<group>";
		};
		157C5E9F8614A49B4F4E9BDD /* Auth */ = {
			isa = PBXGroup;
			children = (
				91366CED73F6C38FCA073A1D /* Services */,
				E4A7CBF371C0D55E1C3972BB /* Views */,
			);
			path = Auth;
			sourceTree = "<group>";
		};
		15916E830B9091D8B578820E /* Services */ = {
			isa = PBXGroup;
			children = (
				31760632B5C96652ADBAC3D6 /* WorkoutSessionService.swift */,
				07E627CC381AA00683C80999 /* WorkoutSessionPersistence.swift */,
			);
			path = Services;
			sourceTree = "<group>";
		};
		15CEC4291D5EEB8E561BFF5C /* Core */ = {
			isa = PBXGroup;
			children = (
				3B68FC35011AF385387B5F42 /* Models */,
				6426EE9EE4655C4CA89E32FF /* Repositories */,
				300A6AE4EF566206DE3EC443 /* Services */,
				2C0925FB43B9C8C33490AA77 /* Theme */,
				AFB969584901236D1F345392 /* Utilities */,
			);
			path = Core;
			sourceTree = "<group>";
		};
		1FFEF5141B955331B3A58993 /* MonthPlan */ = {
			isa = PBXGroup;
			children = (
				74B2EB18283F23901C7F396A /* Services */,
				088875A49FF087A3059CE376 /* ViewModels */,
				9FD546DB196640A28BB18B2E /* Views */,
			);
			path = MonthPlan;
			sourceTree = "<group>";
		};
		240AC8E8FE2A1A62F31D3C8B /* Resources */ = {
			isa = PBXGroup;
			children = (
				5289433B1ABC3A4B839BAFC0 /* Assets.xcassets */,
			);
			path = Resources;
			sourceTree = "<group>";
		};
		2C0925FB43B9C8C33490AA77 /* Theme */ = {
			isa = PBXGroup;
			children = (
				267186236ACFFCD04827C356 /* AppTheme.swift */,
			);
			path = Theme;
			sourceTree = "<group>";
		};
		2EBBEDAEDBAE2E1208111FA4 /* Views */ = {
			isa = PBXGroup;
			children = (
				4DA65CD82F7C14DD002F802B /* ManualWorkoutEntryView.swift */,
				E5134DFFF0BDCF4F40D0C611 /* ActiveWorkoutView.swift */,
				AECE0419B49FC2838485E794 /* ExerciseTableView.swift */,
				D7D54686ED96849FAACA363D /* PostWorkoutView.swift */,
				0FBEF4BBBE0A525AA2C190BD /* SetRowView.swift */,
				F813BB33879D570D49B84A45 /* TodayView.swift */,
				85160B7594748445D0A64E2E /* WorkoutSetupView.swift */,
				A1B2C3D4E5F6789012345678 /* ManualWorkoutEntryView.swift */,
			);
			path = Views;
			sourceTree = "<group>";
		};
		300A6AE4EF566206DE3EC443 /* Services */ = {
			isa = PBXGroup;
			children = (
				024F1EDD97F21B6014FF7EF6 /* LocalStorageService.swift */,
				1C48010D6E8588D794E4A142 /* SupabaseService.swift */,
				CE917FF70785446E827EC8AB /* AIProvider.swift */,
				58132967449B403EAA331A20 /* AIServiceManager.swift */,
				DBEFCFE8A88249A2A67A2185 /* OpenAIService.swift */,
				1613CF18334D45F0BDF46005 /* ClaudeService.swift */,
				2340377433B04F09D517D24E /* SyncService.swift */,
				246C661744A8F0F458CF4900 /* ValidationService.swift */,
				762A006B5C94242B7887782A /* WorkoutStatsService.swift */,
			);
			path = Services;
			sourceTree = "<group>";
		};
		34052B1A0BE5A2F38C1109C4 /* ViewModels */ = {
			isa = PBXGroup;
			children = (
				FC654469C47BC74D1CF942BA /* HistoryViewModel.swift */,
			);
			path = ViewModels;
			sourceTree = "<group>";
		};
		3B68FC35011AF385387B5F42 /* Models */ = {
			isa = PBXGroup;
			children = (
				D4E5F6071829A3B4C5D6E7F8 /* AIContextSummary.swift */,
				6FBED2E91515C102138847B4 /* ChatMessage.swift */,
				1C4DB41551CA3B8A11BAB05E /* Exercise.swift */,
				925FF119C6D875B37829A0C7 /* MonthPlan.swift */,
				57A9EFAE7E6214033CA3F739 /* PersonalRecord.swift */,
				B38831FD06945E0E5CABD7DE /* PlannedSession.swift */,
				C8E833E6DD834D7E4E8ECF4F /* UserProfile.swift */,
				C36C0EAACD6D6D70D4F7503E /* Workout.swift */,
				BF6D60ACAF13C1FFA581C85A /* WorkoutSet.swift */,
			);
			path = Models;
			sourceTree = "<group>";
		};
		4650865B001B767B2522A11B /* Lightstack */ = {
			isa = PBXGroup;
			children = (
				79282B71EF52A4ACD9DB54D2 /* App */,
				0EBE5124F01CB6D138FB7D7F /* Config */,
				15CEC4291D5EEB8E561BFF5C /* Core */,
				E5FF84819A46032400E6C799 /* Features */,
				D3FD60834E9DEE694B6C5A1E /* Lightstack.xcdatamodeld */,
				240AC8E8FE2A1A62F31D3C8B /* Resources */,
				35665C73925EAC4BFC6635A6 /* Info.plist */,
				AEDA9280394443CABC98322C /* Lightstack.entitlements */,
			);
			path = Lightstack;
			sourceTree = "<group>";
		};
		4918AA3164ED8BCAA881D58A /* History */ = {
			isa = PBXGroup;
			children = (
				34052B1A0BE5A2F38C1109C4 /* ViewModels */,
				CBFD519906064FE96CA2D509 /* Views */,
			);
			path = History;
			sourceTree = "<group>";
		};
		6426EE9EE4655C4CA89E32FF /* Repositories */ = {
			isa = PBXGroup;
			children = (
				03AEB7F749FC62646A5676BE /* MonthPlanRepository.swift */,
				780431D2E39A0FC8C268510A /* ProfileRepository.swift */,
				080CD96138F0AC191E99AEF1 /* PRRepository.swift */,
				40FE44FC1CFE4A089DC9FEC7 /* WorkoutRepository.swift */,
			);
			path = Repositories;
			sourceTree = "<group>";
		};
		6FF8B85FD529A731F4AA6DC2 /* ViewModels */ = {
			isa = PBXGroup;
			children = (
				4077AF94F18B8DC9E42FDC29 /* ActiveWorkoutViewModel.swift */,
				F6B18B3615F7F4252B87E34D /* TodayViewModel.swift */,
				3E90E58ED105E0476A795E2E /* WorkoutSetupViewModel.swift */,
			);
			path = ViewModels;
			sourceTree = "<group>";
		};
		74B2EB18283F23901C7F396A /* Services */ = {
			isa = PBXGroup;
			children = (
				79D89808F921897D815520C0 /* MonthPlanService.swift */,
			);
			path = Services;
			sourceTree = "<group>";
		};
		79282B71EF52A4ACD9DB54D2 /* App */ = {
			isa = PBXGroup;
			children = (
				D2A525AFA143BAA2CA880FE1 /* AppEnvironment.swift */,
				A21439901BE53CEAA4F2C880 /* LightstackApp.swift */,
				1BA0C5263E022B5A38C068E2 /* MainTabView.swift */,
				492CBCCB2744643A11E2CD2A /* RootView.swift */,
			);
			path = App;
			sourceTree = "<group>";
		};
		8AEE01610A192FA478F1630B /* Views */ = {
			isa = PBXGroup;
			children = (
				6964D0ED40AF252788A816C9 /* EquipmentPickerView.swift */,
				D0F3610212DE9B047C649205 /* ProfileView.swift */,
				7229867bd5514613903794d3 /* MuscleGroupChartView.swift */,
				d8b743b28d3549cda23bbb79 /* EditProfileView.swift */,
				E751DCD349D7A48BBFA68528 /* StreakView.swift */,
			);
			path = Views;
			sourceTree = "<group>";
		};
		8D990611AD3492B54E466711 /* Services */ = {
			isa = PBXGroup;
			children = (
				312067699C57FBDCE983B2C0 /* CoachContextBuilder.swift */,
				00619CD31B6A6FBF88081C18 /* CoachPromptService.swift */,
				C34121902218FA929D4CA2EB /* GeminiService.swift */,
				C2AF0E9D82E8A394B35BB381 /* WorkoutModification.swift */,
			);
			path = Services;
			sourceTree = "<group>";
		};
		91366CED73F6C38FCA073A1D /* Services */ = {
			isa = PBXGroup;
			children = (
				4519D58B41C428C87E6F8C59 /* AuthService.swift */,
			);
			path = Services;
			sourceTree = "<group>";
		};
		9655FBE1EEAA7178CB70FE44 = {
			isa = PBXGroup;
			children = (
				4650865B001B767B2522A11B /* Lightstack */,
				D79E28312608B1BF705B33C9 /* Products */,
			);
			sourceTree = "<group>";
		};
		9FD546DB196640A28BB18B2E /* Views */ = {
			isa = PBXGroup;
			children = (
				74D3254B9154C7DE0B3A3BF7 /* MonthDayTileView.swift */,
				D6CB6CB55C70D30BE1962647 /* MonthPlanView.swift */,
				79F4F2252D3041687661CAA6 /* PlanBuilderChatView.swift */,
				6CE53540DF92D52F72753FD5 /* PlannedSessionView.swift */,
			);
			path = Views;
			sourceTree = "<group>";
		};
		A00699C2CE9B1A08F74CFFDB /* Today */ = {
			isa = PBXGroup;
			children = (
				15916E830B9091D8B578820E /* Services */,
				6FF8B85FD529A731F4AA6DC2 /* ViewModels */,
				2EBBEDAEDBAE2E1208111FA4 /* Views */,
			);
			path = Today;
			sourceTree = "<group>";
		};
		A5FF895FD793EB16459D208C /* ViewModels */ = {
			isa = PBXGroup;
			children = (
				E258457263378E2CB56BEC14 /* ProfileViewModel.swift */,
			);
			path = ViewModels;
			sourceTree = "<group>";
		};
		AFB969584901236D1F345392 /* Utilities */ = {
			isa = PBXGroup;
			children = (
				D5ABE1748E32FBB842C3F56C /* DateFormatter+Extensions.swift */,
				d4f1049e7fe14415938e63cf /* FlowLayout.swift */,
				7BBDAB25F700350CB7047E5F /* InputSanitizer.swift */,
				64231a22773d45c3850456c1 /* KeychainService.swift */,
				943DDDDBD93BD87F949E45E2 /* OfflineQueueManager.swift */,
			);
			path = Utilities;
			sourceTree = "<group>";
		};
		BC64868EC9B6E39CADC76555 /* AICoach */ = {
			isa = PBXGroup;
			children = (
				8D990611AD3492B54E466711 /* Services */,
				06D012D4DCEAE818018F4641 /* ViewModels */,
				D1B255C751EF1ADA08FE1DE5 /* Views */,
			);
			path = AICoach;
			sourceTree = "<group>";
		};
		CBFD519906064FE96CA2D509 /* Views */ = {
			isa = PBXGroup;
			children = (
				BB04CE824A0DE50FBF43E22B /* HistoryListView.swift */,
				141492EF9B5CB291F9A21074 /* WorkoutDetailView.swift */,
			);
			path = Views;
			sourceTree = "<group>";
		};
		D1B255C751EF1ADA08FE1DE5 /* Views */ = {
			isa = PBXGroup;
			children = (
				AE05AE523B9A6672FFBFD2AD /* CoachChatView.swift */,
				914E21170D7FC5E94253F648 /* MessageBubbleView.swift */,
			);
			path = Views;
			sourceTree = "<group>";
		};
		D79E28312608B1BF705B33C9 /* Products */ = {
			isa = PBXGroup;
			children = (
				5842197D7DCD50CAF7E1F93C /* Lightstack.app */,
			);
			name = Products;
			sourceTree = "<group>";
		};
		E4A7CBF371C0D55E1C3972BB /* Views */ = {
			isa = PBXGroup;
			children = (
				CCDA0490FBD126C9E99E4BE5 /* EmailVerificationView.swift */,
				FD7FAD3D73C29C60902B298C /* LoginView.swift */,
				89EC2DEFE0B6FAA1C5A64EB6 /* OnboardingView.swift */,
			);
			path = Views;
			sourceTree = "<group>";
		};
		E5FF84819A46032400E6C799 /* Features */ = {
			isa = PBXGroup;
			children = (
				BC64868EC9B6E39CADC76555 /* AICoach */,
				157C5E9F8614A49B4F4E9BDD /* Auth */,
				4918AA3164ED8BCAA881D58A /* History */,
				1FFEF5141B955331B3A58993 /* MonthPlan */,
				F82D7FDECDE34F8C18CA1E9E /* Profile */,
				A00699C2CE9B1A08F74CFFDB /* Today */,
			);
			path = Features;
			sourceTree = "<group>";
		};
		F82D7FDECDE34F8C18CA1E9E /* Profile */ = {
			isa = PBXGroup;
			children = (
				A5FF895FD793EB16459D208C /* ViewModels */,
				8AEE01610A192FA478F1630B /* Views */,
			);
			path = Profile;
			sourceTree = "<group>";
		};
/* End PBXGroup section */

/* Begin PBXNativeTarget section */
		4314D9965F6645C96F8F7466 /* Lightstack */ = {
			isa = PBXNativeTarget;
			buildConfigurationList = 212CCF9E0B867E30FAACBC6C /* Build configuration list for PBXNativeTarget "Lightstack" */;
			buildPhases = (
				05C77C037A35EFC65AB5B23C /* Sources */,
				7CDCE0B3C54AA3A89BA555C9 /* Resources */,
				D8CA4EF22446DDC26DDB1546 /* Frameworks */,
			);
			buildRules = (
			);
			dependencies = (
			);
			name = Lightstack;
			packageProductDependencies = (
				D016A83D4E910B369882863F /* Supabase */,
			);
			productName = Lightstack;
			productReference = 5842197D7DCD50CAF7E1F93C /* Lightstack.app */;
			productType = "com.apple.product-type.application";
		};
/* End PBXNativeTarget section */

/* Begin PBXProject section */
		6BDF1FE9983FAE7780DDCB04 /* Project object */ = {
			isa = PBXProject;
			attributes = {
				BuildIndependentTargetsInParallel = YES;
				LastUpgradeCheck = 1600;
			};
			buildConfigurationList = 0F5E993C4AB4CEE7E1876E09 /* Build configuration list for PBXProject "Lightstack" */;
			developmentRegion = en;
			hasScannedForEncodings = 0;
			knownRegions = (
				Base,
				en,
			);
			mainGroup = 9655FBE1EEAA7178CB70FE44;
			minimizedProjectReferenceProxies = 1;
			packageReferences = (
				953D430FAF0DD669695ED56B /* XCRemoteSwiftPackageReference "supabase-swift" */,
			);
			preferredProjectObjectVersion = 77;
			productRefGroup = D79E28312608B1BF705B33C9 /* Products */;
			projectDirPath = "";
			projectRoot = "";
			targets = (
				4314D9965F6645C96F8F7466 /* Lightstack */,
			);
		};
/* End PBXProject section */

/* Begin PBXResourcesBuildPhase section */
		7CDCE0B3C54AA3A89BA555C9 /* Resources */ = {
			isa = PBXResourcesBuildPhase;
			buildActionMask = 2147483647;
			files = (
				8EC798942990E391044114D2 /* Assets.xcassets in Resources */,
				5F7CD083D9356E41ACD6F1CD /* Secrets.xcconfig.template in Resources */,
			);
			runOnlyForDeploymentPostprocessing = 0;
		};
/* End PBXResourcesBuildPhase section */

/* Begin PBXSourcesBuildPhase section */
		05C77C037A35EFC65AB5B23C /* Sources */ = {
			isa = PBXSourcesBuildPhase;
			buildActionMask = 2147483647;
			files = (
				F173F475F221BF99BFD99E54 /* ActiveWorkoutView.swift in Sources */,
				434F8F17280F02F3382F11A4 /* ActiveWorkoutViewModel.swift in Sources */,
				A1B2C3D4E5F60718A9B0C1D2 /* AIContextSummary.swift in Sources */,
				D0E6183062D512993C4B41FC /* AppEnvironment.swift in Sources */,
				E421AC4E262ABEB2C3871D98 /* AppTheme.swift in Sources */,
				867A607F2DECF5E347F70B87 /* AuthService.swift in Sources */,
				EE5B3C02A4B490A77D1D4F00 /* ChatMessage.swift in Sources */,
				B0644410F3E1729FA98C69B8 /* CoachChatView.swift in Sources */,
				D4D893A8C0574762F0B80EB9 /* CoachChatViewModel.swift in Sources */,
				625B0022E2CA23DBC6DC4784 /* CoachContextBuilder.swift in Sources */,
				EC489EB4795015F25EAC559E /* CoachPromptService.swift in Sources */,
				E65828876C6E0CCF717A9E36 /* DateFormatter+Extensions.swift in Sources */,
				b2aebeeb02a6431dbf57f6ca /* FlowLayout.swift in Sources */,
				743305F5E054784067AAC2E7 /* EmailVerificationView.swift in Sources */,
				87811207C311FE79DD3DAEF6 /* EquipmentPickerView.swift in Sources */,
				982ED5F8ADB4A05CD9F909E1 /* Exercise.swift in Sources */,
				FA6E005E2FCF14CC2A515BD3 /* ExerciseTableView.swift in Sources */,
				25FE76A76759E66867444A00 /* GeminiService.swift in Sources */,
				2D6BD18B526DC2AEC26604E4 /* HistoryListView.swift in Sources */,
				ADFEF822E7E6AB5A5B263698 /* HistoryViewModel.swift in Sources */,
				71341092DB3C3458F5D40655 /* InputSanitizer.swift in Sources */,
				db64ac83ca0546ab94e6abec /* KeychainService.swift in Sources */,
				013383C23AAFD428C65A00A4 /* Lightstack.xcdatamodeld in Sources */,
				E8595107FFB5AF3CEF8825F8 /* LightstackApp.swift in Sources */,
				335ECCE0703FBCD9FAD7BF83 /* LocalStorageService.swift in Sources */,
				47F1C8E6C7C01C3C0B5ADAD9 /* LoginView.swift in Sources */,
				3E13A06CCA0F4B2D89DF9AE6 /* MainTabView.swift in Sources */,
				FA23F49951ECEB19B6DDF8E9 /* MessageBubbleView.swift in Sources */,
				DA15DABC531F5FB563DB3210 /* MonthDayTileView.swift in Sources */,
				5F0C97283EECF4F7A6AE53D7 /* MonthPlan.swift in Sources */,
				6AA71CF9D686978C6B572FD8 /* MonthPlanRepository.swift in Sources */,
				60434A63413B6AB8D239B81E /* MonthPlanService.swift in Sources */,
				DF9B2FBCC0B0624CFE3BC1DF /* MonthPlanView.swift in Sources */,
				911201B0C18194CFE2472CDA /* MonthPlanViewModel.swift in Sources */,
				AE4C263835B9E1565F60CBA9 /* OfflineQueueManager.swift in Sources */,
				EDF9C0EF3DF4668882D87609 /* OnboardingView.swift in Sources */,
				15BFA33868E0625E2B28A468 /* PRRepository.swift in Sources */,
				4DA65CD92F7C14DD002F802B /* ManualWorkoutEntryView.swift in Sources */,
				7DD3567AF9DFA8ABC4DFD269 /* PersonalRecord.swift in Sources */,
				E775B7901D34DE62274E280D /* PlanBuilderChatView.swift in Sources */,
				3ACE171EC8EFFF4CEFE98C03 /* PlanBuilderViewModel.swift in Sources */,
				A24E47A0EF0129F6CE105664 /* PlannedSession.swift in Sources */,
				685C096EC91804458517CCDA /* PlannedSessionView.swift in Sources */,
				9216AD7956821BD44822FB9B /* PostWorkoutView.swift in Sources */,
				2B574A17544EEADEB6C00DAA /* ProfileRepository.swift in Sources */,
				A43C475BA62F19708BD27C2E /* ProfileView.swift in Sources */,
				c10da7ffb6164e359d117a76 /* MuscleGroupChartView.swift in Sources */,
				c59faa99015446129af0654c /* EditProfileView.swift in Sources */,
				E18D773B912C619728FFE4C7 /* ProfileViewModel.swift in Sources */,
				096F2829000A33814E72522A /* RootView.swift in Sources */,
				0394F953EECCF5B52F98E4FB /* SetRowView.swift in Sources */,
				4EB8D7A7D05D304E9F7D8099 /* StreakView.swift in Sources */,
				E556AEF88F21825FF1D51EFF /* SupabaseService.swift in Sources */,
				FAE55275564F446DAAD4E6CA /* AIProvider.swift in Sources */,
				031B0782D6BF4C1CADF77369 /* AIServiceManager.swift in Sources */,
				BADE26A3DC9C4E0181A0B680 /* OpenAIService.swift in Sources */,
				461D52F78ED44005A8093722 /* ClaudeService.swift in Sources */,
				CFA2F95BBEA6F033D6EFDBA9 /* SyncService.swift in Sources */,
				836F40875F5B308DA51B1B4C /* TodayView.swift in Sources */,
				16424B48B13C644A5BD4D8E2 /* TodayViewModel.swift in Sources */,
				7444F10EA824DF8283415E1B /* UserProfile.swift in Sources */,
				176C0A96EC1D6BF0056C0F46 /* ValidationService.swift in Sources */,
				E6CF7B1646F5CAB4FC40F6C1 /* Workout.swift in Sources */,
				CE8DD9A83C34E7B7FB9AC561 /* WorkoutDetailView.swift in Sources */,
				03E23C4610AE5B9575692AF6 /* WorkoutRepository.swift in Sources */,
				FEEB05DB01F16867AE20A1D7 /* WorkoutSessionService.swift in Sources */,
				858DAEC887A7974446DC00D4 /* WorkoutSet.swift in Sources */,
				2FE58081EA15148D436590FF /* WorkoutSetupView.swift in Sources */,
				9F8E7D6C5B4A321098765432 /* ManualWorkoutEntryView.swift in Sources */,
				E18B1D92BBF6E17FE581AE7F /* WorkoutSetupViewModel.swift in Sources */,
				79B4219BB4644501A361220D /* WorkoutStatsService.swift in Sources */,
				2779E5C0E0798AE34DD76031 /* WorkoutSessionPersistence.swift in Sources */,
				6F1603A80F30A5B8FCF1852F /* WorkoutModification.swift in Sources */,
			);
			runOnlyForDeploymentPostprocessing = 0;
		};
/* End PBXSourcesBuildPhase section */

/* Begin XCBuildConfiguration section */
		37AC3E54627EDF61FD402F5F /* Debug */ = {
			isa = XCBuildConfiguration;
			buildSettings = {
				ALWAYS_SEARCH_USER_PATHS = NO;
				CLANG_ANALYZER_NONNULL = YES;
				CLANG_ANALYZER_NUMBER_OBJECT_CONVERSION = YES_AGGRESSIVE;
				CLANG_CXX_LANGUAGE_STANDARD = "gnu++14";
				CLANG_CXX_LIBRARY = "libc++";
				CLANG_ENABLE_MODULES = YES;
				CLANG_ENABLE_OBJC_ARC = YES;
				CLANG_ENABLE_OBJC_WEAK = YES;
				CLANG_WARN_BLOCK_CAPTURE_AUTORELEASING = YES;
				CLANG_WARN_BOOL_CONVERSION = YES;
				CLANG_WARN_COMMA = YES;
				CLANG_WARN_CONSTANT_CONVERSION = YES;
				CLANG_WARN_DEPRECATED_OBJC_IMPLEMENTATIONS = YES;
				CLANG_WARN_DIRECT_OBJC_ISA_USAGE = YES_ERROR;
				CLANG_WARN_DOCUMENTATION_COMMENTS = YES;
				CLANG_WARN_EMPTY_BODY = YES;
				CLANG_WARN_ENUM_CONVERSION = YES;
				CLANG_WARN_INFINITE_RECURSION = YES;
				CLANG_WARN_INT_CONVERSION = YES;
				CLANG_WARN_NON_LITERAL_NULL_CONVERSION = YES;
				CLANG_WARN_OBJC_IMPLICIT_RETAIN_SELF = YES;
				CLANG_WARN_OBJC_LITERAL_CONVERSION = YES;
				CLANG_WARN_OBJC_ROOT_CLASS = YES_ERROR;
				CLANG_WARN_QUOTED_INCLUDE_IN_FRAMEWORK_HEADER = YES;
				CLANG_WARN_RANGE_LOOP_ANALYSIS = YES;
				CLANG_WARN_STRICT_PROTOTYPES = YES;
				CLANG_WARN_SUSPICIOUS_MOVE = YES;
				CLANG_WARN_UNGUARDED_AVAILABILITY = YES_AGGRESSIVE;
				CLANG_WARN_UNREACHABLE_CODE = YES;
				CLANG_WARN__DUPLICATE_METHOD_MATCH = YES;
				COPY_PHASE_STRIP = NO;
				DEBUG_INFORMATION_FORMAT = dwarf;
				ENABLE_STRICT_OBJC_MSGSEND = YES;
				ENABLE_TESTABILITY = YES;
				GCC_C_LANGUAGE_STANDARD = gnu11;
				GCC_DYNAMIC_NO_PIC = NO;
				GCC_NO_COMMON_BLOCKS = YES;
				GCC_OPTIMIZATION_LEVEL = 0;
				GCC_PREPROCESSOR_DEFINITIONS = (
					"$(inherited)",
					"DEBUG=1",
				);
				GCC_WARN_64_TO_32_BIT_CONVERSION = YES;
				GCC_WARN_ABOUT_RETURN_TYPE = YES_ERROR;
				GCC_WARN_UNDECLARED_SELECTOR = YES;
				GCC_WARN_UNINITIALIZED_AUTOS = YES_AGGRESSIVE;
				GCC_WARN_UNUSED_FUNCTION = YES;
				GCC_WARN_UNUSED_VARIABLE = YES;
				IPHONEOS_DEPLOYMENT_TARGET = 17.0;
				MTL_ENABLE_DEBUG_INFO = INCLUDE_SOURCE;
				MTL_FAST_MATH = YES;
				ONLY_ACTIVE_ARCH = YES;
				PRODUCT_NAME = "$(TARGET_NAME)";
				SDKROOT = iphoneos;
				SWIFT_ACTIVE_COMPILATION_CONDITIONS = DEBUG;
				SWIFT_OPTIMIZATION_LEVEL = "-Onone";
				SWIFT_VERSION = 5.0;
			};
			name = Debug;
		};
		6D22A24EA308AABC64E8830C /* Release */ = {
			isa = XCBuildConfiguration;
			buildSettings = {
				ALWAYS_SEARCH_USER_PATHS = NO;
				CLANG_ANALYZER_NONNULL = YES;
				CLANG_ANALYZER_NUMBER_OBJECT_CONVERSION = YES_AGGRESSIVE;
				CLANG_CXX_LANGUAGE_STANDARD = "gnu++14";
				CLANG_CXX_LIBRARY = "libc++";
				CLANG_ENABLE_MODULES = YES;
				CLANG_ENABLE_OBJC_ARC = YES;
				CLANG_ENABLE_OBJC_WEAK = YES;
				CLANG_WARN_BLOCK_CAPTURE_AUTORELEASING = YES;
				CLANG_WARN_BOOL_CONVERSION = YES;
				CLANG_WARN_COMMA = YES;
				CLANG_WARN_CONSTANT_CONVERSION = YES;
				CLANG_WARN_DEPRECATED_OBJC_IMPLEMENTATIONS = YES;
				CLANG_WARN_DIRECT_OBJC_ISA_USAGE = YES_ERROR;
				CLANG_WARN_DOCUMENTATION_COMMENTS = YES;
				CLANG_WARN_EMPTY_BODY = YES;
				CLANG_WARN_ENUM_CONVERSION = YES;
				CLANG_WARN_INFINITE_RECURSION = YES;
				CLANG_WARN_INT_CONVERSION = YES;
				CLANG_WARN_NON_LITERAL_NULL_CONVERSION = YES;
				CLANG_WARN_OBJC_IMPLICIT_RETAIN_SELF = YES;
				CLANG_WARN_OBJC_LITERAL_CONVERSION = YES;
				CLANG_WARN_OBJC_ROOT_CLASS = YES_ERROR;
				CLANG_WARN_QUOTED_INCLUDE_IN_FRAMEWORK_HEADER = YES;
				CLANG_WARN_RANGE_LOOP_ANALYSIS = YES;
				CLANG_WARN_STRICT_PROTOTYPES = YES;
				CLANG_WARN_SUSPICIOUS_MOVE = YES;
				CLANG_WARN_UNGUARDED_AVAILABILITY = YES_AGGRESSIVE;
				CLANG_WARN_UNREACHABLE_CODE = YES;
				CLANG_WARN__DUPLICATE_METHOD_MATCH = YES;
				COPY_PHASE_STRIP = NO;
				DEBUG_INFORMATION_FORMAT = "dwarf-with-dsym";
				ENABLE_NS_ASSERTIONS = NO;
				ENABLE_STRICT_OBJC_MSGSEND = YES;
				GCC_C_LANGUAGE_STANDARD = gnu11;
				GCC_NO_COMMON_BLOCKS = YES;
				GCC_WARN_64_TO_32_BIT_CONVERSION = YES;
				GCC_WARN_ABOUT_RETURN_TYPE = YES_ERROR;
				GCC_WARN_UNDECLARED_SELECTOR = YES;
				GCC_WARN_UNINITIALIZED_AUTOS = YES_AGGRESSIVE;
				GCC_WARN_UNUSED_FUNCTION = YES;
				GCC_WARN_UNUSED_VARIABLE = YES;
				IPHONEOS_DEPLOYMENT_TARGET = 17.0;
				MTL_ENABLE_DEBUG_INFO = NO;
				MTL_FAST_MATH = YES;
				PRODUCT_NAME = "$(TARGET_NAME)";
				SDKROOT = iphoneos;
				SWIFT_COMPILATION_MODE = wholemodule;
				SWIFT_OPTIMIZATION_LEVEL = "-O";
				SWIFT_VERSION = 5.0;
			};
			name = Release;
		};
		9B8CEE5BEA81B5858AEE238F /* Release */ = {
			isa = XCBuildConfiguration;
			baseConfigurationReference = D1246336455EAB944BBCD0D7 /* Secrets.xcconfig */;
			buildSettings = {
				ASSETCATALOG_COMPILER_APPICON_NAME = AppIcon;
				CODE_SIGN_ENTITLEMENTS = Lightstack/Lightstack.entitlements;
				CODE_SIGN_IDENTITY = "iPhone Developer";
				CURRENT_PROJECT_VERSION = 1;
				DEVELOPMENT_TEAM = 7X8799T6N2;
				GENERATE_INFOPLIST_FILE = NO;
				INFOPLIST_FILE = Lightstack/Info.plist;
				LD_RUNPATH_SEARCH_PATHS = (
					"$(inherited)",
					"@executable_path/Frameworks",
				);
				MARKETING_VERSION = 1.0.0;
				PRODUCT_BUNDLE_IDENTIFIER = org.lightstack.app;
				SDKROOT = iphoneos;
				SWIFT_OPTIMIZATION_LEVEL = "-Owholemodule";
				SWIFT_VERSION = 5.9;
				TARGETED_DEVICE_FAMILY = "1,2";
			};
			name = Release;
		};
		A943E6018FB3ECB0C0A702E2 /* Debug */ = {
			isa = XCBuildConfiguration;
			baseConfigurationReference = D1246336455EAB944BBCD0D7 /* Secrets.xcconfig */;
			buildSettings = {
				ASSETCATALOG_COMPILER_APPICON_NAME = AppIcon;
				CODE_SIGN_ENTITLEMENTS = Lightstack/Lightstack.entitlements;
				CODE_SIGN_IDENTITY = "iPhone Developer";
				CURRENT_PROJECT_VERSION = 1;
				DEVELOPMENT_TEAM = 7X8799T6N2;
				GENERATE_INFOPLIST_FILE = NO;
				INFOPLIST_FILE = Lightstack/Info.plist;
				LD_RUNPATH_SEARCH_PATHS = (
					"$(inherited)",
					"@executable_path/Frameworks",
				);
				MARKETING_VERSION = 1.0.0;
				PRODUCT_BUNDLE_IDENTIFIER = org.lightstack.app;
				SDKROOT = iphoneos;
				SWIFT_ACTIVE_COMPILATION_CONDITIONS = DEBUG;
				SWIFT_VERSION = 5.9;
				TARGETED_DEVICE_FAMILY = "1,2";
			};
			name = Debug;
		};
/* End XCBuildConfiguration section */

/* Begin XCConfigurationList section */
		0F5E993C4AB4CEE7E1876E09 /* Build configuration list for PBXProject "Lightstack" */ = {
			isa = XCConfigurationList;
			buildConfigurations = (
				37AC3E54627EDF61FD402F5F /* Debug */,
				6D22A24EA308AABC64E8830C /* Release */,
			);
			defaultConfigurationIsVisible = 0;
			defaultConfigurationName = Debug;
		};
		212CCF9E0B867E30FAACBC6C /* Build configuration list for PBXNativeTarget "Lightstack" */ = {
			isa = XCConfigurationList;
			buildConfigurations = (
				A943E6018FB3ECB0C0A702E2 /* Debug */,
				9B8CEE5BEA81B5858AEE238F /* Release */,
			);
			defaultConfigurationIsVisible = 0;
			defaultConfigurationName = Debug;
		};
/* End XCConfigurationList section */

/* Begin XCRemoteSwiftPackageReference section */
		953D430FAF0DD669695ED56B /* XCRemoteSwiftPackageReference "supabase-swift" */ = {
			isa = XCRemoteSwiftPackageReference;
			repositoryURL = "https://github.com/supabase/supabase-swift";
			requirement = {
				kind = upToNextMajorVersion;
				minimumVersion = 2.0.0;
			};
		};
/* End XCRemoteSwiftPackageReference section */

/* Begin XCSwiftPackageProductDependency section */
		D016A83D4E910B369882863F /* Supabase */ = {
			isa = XCSwiftPackageProductDependency;
			package = 953D430FAF0DD669695ED56B /* XCRemoteSwiftPackageReference "supabase-swift" */;
			productName = Supabase;
		};
/* End XCSwiftPackageProductDependency section */

/* Begin XCVersionGroup section */
		D3FD60834E9DEE694B6C5A1E /* Lightstack.xcdatamodeld */ = {
			isa = XCVersionGroup;
			children = (
				23BC3EC52D64C159FB993891 /* Lightstack.xcdatamodel */,
			);
			currentVersion = 23BC3EC52D64C159FB993891 /* Lightstack.xcdatamodel */;
			path = Lightstack.xcdatamodeld;
			sourceTree = "<group>";
			versionGroupType = wrapper.xcdatamodel;
		};
/* End XCVersionGroup section */
	};
	rootObject = 6BDF1FE9983FAE7780DDCB04 /* Project object */;
}
